<?xml version="1.0" encoding="UTF-8"?>
<CodeBlocks_project_file>
	<FileVersion major="1" minor="6"/>
	<Project>
		<Option title="Stacer"/>
		<Option makefile_is_custom="1"/>
		<Option compiler="gcc"/>
		<Option virtualFolders="CMake Files\;CMake Files\cmake\;CMake Files\cmake\cxxbasics\;CMake Files\cmake\cxxbasics\helpers\;CMake Files\cmake\cxxbasics\accelerators\;CMake Files\cmake\cxxbasics\compiler_detection\;CMake Files\..\;CMake Files\..\..\;CMake Files\..\..\..\;CMake Files\..\..\..\..\;CMake Files\..\..\..\..\Qt5.10.0\;CMake Files\..\..\..\..\Qt5.10.0\5.10.0\;CMake Files\..\..\..\..\Qt5.10.0\5.10.0\gcc_64\;CMake Files\..\..\..\..\Qt5.10.0\5.10.0\gcc_64\lib\;CMake Files\..\..\..\..\Qt5.10.0\5.10.0\gcc_64\lib\cmake\;CMake Files\..\..\..\..\Qt5.10.0\5.10.0\gcc_64\lib\cmake\Qt5\;CMake Files\..\..\..\..\Qt5.10.0\5.10.0\gcc_64\lib\cmake\Qt5Core\;CMake Files\..\..\..\..\Qt5.10.0\5.10.0\gcc_64\lib\cmake\Qt5Gui\;CMake Files\..\..\..\..\Qt5.10.0\5.10.0\gcc_64\lib\cmake\Qt5Widgets\;CMake Files\..\..\..\..\Qt5.10.0\5.10.0\gcc_64\lib\cmake\Qt5Charts\;CMake Files\..\..\..\..\Qt5.10.0\5.10.0\gcc_64\lib\cmake\Qt5Svg\;CMake Files\..\..\..\..\Qt5.10.0\5.10.0\gcc_64\lib\cmake\Qt5Concurrent\;CMake Files\..\..\..\..\Qt5.10.0\5.10.0\gcc_64\lib\cmake\Qt5Network\;CMake Files\..\..\..\..\Qt5.10.0\5.10.0\gcc_64\lib\cmake\Qt5LinguistTools\;CMake Files\stacer-core\;CMake Files\stacer\;"/>
		<Build>
			<Target title="all">
				<Option working_dir="/home/zakerydesktop/Desktop/codingDev/StacerDev/build-Stacer-Desktop_Qt_5_10_0_GCC_64bit-Release"/>
				<Option type="4"/>
				<MakeCommands>
					<Build command="/usr/bin/gmake -j4 -f &quot;/home/zakerydesktop/Desktop/codingDev/StacerDev/build-Stacer-Desktop_Qt_5_10_0_GCC_64bit-Release/Makefile&quot;  VERBOSE=1 all"/>
					<CompileFile command="/usr/bin/gmake -j4 -f &quot;/home/zakerydesktop/Desktop/codingDev/StacerDev/build-Stacer-Desktop_Qt_5_10_0_GCC_64bit-Release/Makefile&quot;  VERBOSE=1 &quot;$file&quot;"/>
					<Clean command="/usr/bin/gmake -j4 -f &quot;/home/zakerydesktop/Desktop/codingDev/StacerDev/build-Stacer-Desktop_Qt_5_10_0_GCC_64bit-Release/Makefile&quot;  VERBOSE=1 clean"/>
					<DistClean command="/usr/bin/gmake -j4 -f &quot;/home/zakerydesktop/Desktop/codingDev/StacerDev/build-Stacer-Desktop_Qt_5_10_0_GCC_64bit-Release/Makefile&quot;  VERBOSE=1 clean"/>
				</MakeCommands>
			</Target>
			<Target title="edit_cache">
				<Option working_dir="/home/zakerydesktop/Desktop/codingDev/StacerDev/build-Stacer-Desktop_Qt_5_10_0_GCC_64bit-Release"/>
				<Option type="4"/>
				<MakeCommands>
					<Build command="/usr/bin/gmake -j4 -f &quot;/home/zakerydesktop/Desktop/codingDev/StacerDev/build-Stacer-Desktop_Qt_5_10_0_GCC_64bit-Release/Makefile&quot;  VERBOSE=1 edit_cache"/>
					<CompileFile command="/usr/bin/gmake -j4 -f &quot;/home/zakerydesktop/Desktop/codingDev/StacerDev/build-Stacer-Desktop_Qt_5_10_0_GCC_64bit-Release/Makefile&quot;  VERBOSE=1 &quot;$file&quot;"/>
					<Clean command="/usr/bin/gmake -j4 -f &quot;/home/zakerydesktop/Desktop/codingDev/StacerDev/build-Stacer-Desktop_Qt_5_10_0_GCC_64bit-Release/Makefile&quot;  VERBOSE=1 clean"/>
					<DistClean command="/usr/bin/gmake -j4 -f &quot;/home/zakerydesktop/Desktop/codingDev/StacerDev/build-Stacer-Desktop_Qt_5_10_0_GCC_64bit-Release/Makefile&quot;  VERBOSE=1 clean"/>
				</MakeCommands>
			</Target>
			<Target title="rebuild_cache">
				<Option working_dir="/home/zakerydesktop/Desktop/codingDev/StacerDev/build-Stacer-Desktop_Qt_5_10_0_GCC_64bit-Release"/>
				<Option type="4"/>
				<MakeCommands>
					<Build command="/usr/bin/gmake -j4 -f &quot;/home/zakerydesktop/Desktop/codingDev/StacerDev/build-Stacer-Desktop_Qt_5_10_0_GCC_64bit-Release/Makefile&quot;  VERBOSE=1 rebuild_cache"/>
					<CompileFile command="/usr/bin/gmake -j4 -f &quot;/home/zakerydesktop/Desktop/codingDev/StacerDev/build-Stacer-Desktop_Qt_5_10_0_GCC_64bit-Release/Makefile&quot;  VERBOSE=1 &quot;$file&quot;"/>
					<Clean command="/usr/bin/gmake -j4 -f &quot;/home/zakerydesktop/Desktop/codingDev/StacerDev/build-Stacer-Desktop_Qt_5_10_0_GCC_64bit-Release/Makefile&quot;  VERBOSE=1 clean"/>
					<DistClean command="/usr/bin/gmake -j4 -f &quot;/home/zakerydesktop/Desktop/codingDev/StacerDev/build-Stacer-Desktop_Qt_5_10_0_GCC_64bit-Release/Makefile&quot;  VERBOSE=1 clean"/>
				</MakeCommands>
			</Target>
			<Target title="list_install_components">
				<Option working_dir="/home/zakerydesktop/Desktop/codingDev/StacerDev/build-Stacer-Desktop_Qt_5_10_0_GCC_64bit-Release"/>
				<Option type="4"/>
				<MakeCommands>
					<Build command="/usr/bin/gmake -j4 -f &quot;/home/zakerydesktop/Desktop/codingDev/StacerDev/build-Stacer-Desktop_Qt_5_10_0_GCC_64bit-Release/Makefile&quot;  VERBOSE=1 list_install_components"/>
					<CompileFile command="/usr/bin/gmake -j4 -f &quot;/home/zakerydesktop/Desktop/codingDev/StacerDev/build-Stacer-Desktop_Qt_5_10_0_GCC_64bit-Release/Makefile&quot;  VERBOSE=1 &quot;$file&quot;"/>
					<Clean command="/usr/bin/gmake -j4 -f &quot;/home/zakerydesktop/Desktop/codingDev/StacerDev/build-Stacer-Desktop_Qt_5_10_0_GCC_64bit-Release/Makefile&quot;  VERBOSE=1 clean"/>
					<DistClean command="/usr/bin/gmake -j4 -f &quot;/home/zakerydesktop/Desktop/codingDev/StacerDev/build-Stacer-Desktop_Qt_5_10_0_GCC_64bit-Release/Makefile&quot;  VERBOSE=1 clean"/>
				</MakeCommands>
			</Target>
			<Target title="install">
				<Option working_dir="/home/zakerydesktop/Desktop/codingDev/StacerDev/build-Stacer-Desktop_Qt_5_10_0_GCC_64bit-Release"/>
				<Option type="4"/>
				<MakeCommands>
					<Build command="/usr/bin/gmake -j4 -f &quot;/home/zakerydesktop/Desktop/codingDev/StacerDev/build-Stacer-Desktop_Qt_5_10_0_GCC_64bit-Release/Makefile&quot;  VERBOSE=1 install"/>
					<CompileFile command="/usr/bin/gmake -j4 -f &quot;/home/zakerydesktop/Desktop/codingDev/StacerDev/build-Stacer-Desktop_Qt_5_10_0_GCC_64bit-Release/Makefile&quot;  VERBOSE=1 &quot;$file&quot;"/>
					<Clean command="/usr/bin/gmake -j4 -f &quot;/home/zakerydesktop/Desktop/codingDev/StacerDev/build-Stacer-Desktop_Qt_5_10_0_GCC_64bit-Release/Makefile&quot;  VERBOSE=1 clean"/>
					<DistClean command="/usr/bin/gmake -j4 -f &quot;/home/zakerydesktop/Desktop/codingDev/StacerDev/build-Stacer-Desktop_Qt_5_10_0_GCC_64bit-Release/Makefile&quot;  VERBOSE=1 clean"/>
				</MakeCommands>
			</Target>
			<Target title="install/local">
				<Option working_dir="/home/zakerydesktop/Desktop/codingDev/StacerDev/build-Stacer-Desktop_Qt_5_10_0_GCC_64bit-Release"/>
				<Option type="4"/>
				<MakeCommands>
					<Build command="/usr/bin/gmake -j4 -f &quot;/home/zakerydesktop/Desktop/codingDev/StacerDev/build-Stacer-Desktop_Qt_5_10_0_GCC_64bit-Release/Makefile&quot;  VERBOSE=1 install/local"/>
					<CompileFile command="/usr/bin/gmake -j4 -f &quot;/home/zakerydesktop/Desktop/codingDev/StacerDev/build-Stacer-Desktop_Qt_5_10_0_GCC_64bit-Release/Makefile&quot;  VERBOSE=1 &quot;$file&quot;"/>
					<Clean command="/usr/bin/gmake -j4 -f &quot;/home/zakerydesktop/Desktop/codingDev/StacerDev/build-Stacer-Desktop_Qt_5_10_0_GCC_64bit-Release/Makefile&quot;  VERBOSE=1 clean"/>
					<DistClean command="/usr/bin/gmake -j4 -f &quot;/home/zakerydesktop/Desktop/codingDev/StacerDev/build-Stacer-Desktop_Qt_5_10_0_GCC_64bit-Release/Makefile&quot;  VERBOSE=1 clean"/>
				</MakeCommands>
			</Target>
			<Target title="install/strip">
				<Option working_dir="/home/zakerydesktop/Desktop/codingDev/StacerDev/build-Stacer-Desktop_Qt_5_10_0_GCC_64bit-Release"/>
				<Option type="4"/>
				<MakeCommands>
					<Build command="/usr/bin/gmake -j4 -f &quot;/home/zakerydesktop/Desktop/codingDev/StacerDev/build-Stacer-Desktop_Qt_5_10_0_GCC_64bit-Release/Makefile&quot;  VERBOSE=1 install/strip"/>
					<CompileFile command="/usr/bin/gmake -j4 -f &quot;/home/zakerydesktop/Desktop/codingDev/StacerDev/build-Stacer-Desktop_Qt_5_10_0_GCC_64bit-Release/Makefile&quot;  VERBOSE=1 &quot;$file&quot;"/>
					<Clean command="/usr/bin/gmake -j4 -f &quot;/home/zakerydesktop/Desktop/codingDev/StacerDev/build-Stacer-Desktop_Qt_5_10_0_GCC_64bit-Release/Makefile&quot;  VERBOSE=1 clean"/>
					<DistClean command="/usr/bin/gmake -j4 -f &quot;/home/zakerydesktop/Desktop/codingDev/StacerDev/build-Stacer-Desktop_Qt_5_10_0_GCC_64bit-Release/Makefile&quot;  VERBOSE=1 clean"/>
				</MakeCommands>
			</Target>
			<Target title="stacer-core">
				<Option output="/home/zakerydesktop/Desktop/codingDev/StacerDev/build-Stacer-Desktop_Qt_5_10_0_GCC_64bit-Release/output/lib/libstacer-core.a" prefix_auto="0" extension_auto="0"/>
				<Option working_dir="/home/zakerydesktop/Desktop/codingDev/StacerDev/build-Stacer-Desktop_Qt_5_10_0_GCC_64bit-Release/stacer-core"/>
				<Option object_output="./"/>
				<Option type="2"/>
				<Option compiler="gcc"/>
				<Compiler>
					<Add option="-DQT_DEPRECATED_WARNINGS"/>
					<Add option="-DSTACERCORE_LIBRARY"/>
					<Add option="-DQT_CORE_LIB"/>
					<Add option="-DQT_NO_DEBUG"/>
					<Add option="-DQT_NETWORK_LIB"/>
					<Add directory="/home/zakerydesktop/Desktop/codingDev/StacerDev/build-Stacer-Desktop_Qt_5_10_0_GCC_64bit-Release/stacer-core/stacer-core_autogen/include"/>
					<Add directory="/home/zakerydesktop/Desktop/codingDev/StacerDev/Stacer/stacer-core"/>
					<Add directory="/home/zakerydesktop/Desktop/codingDev/StacerDev/Stacer/stacer-core/Info"/>
					<Add directory="/home/zakerydesktop/Desktop/codingDev/StacerDev/Stacer/stacer-core/Tools"/>
					<Add directory="/home/zakerydesktop/Desktop/codingDev/StacerDev/Stacer/stacer-core/Utils"/>
					<Add directory="/home/zakerydesktop/Qt5.10.0/5.10.0/gcc_64/include"/>
					<Add directory="/home/zakerydesktop/Qt5.10.0/5.10.0/gcc_64/include/QtCore"/>
					<Add directory="/home/zakerydesktop/Qt5.10.0/5.10.0/gcc_64/./mkspecs/linux-g++"/>
					<Add directory="/home/zakerydesktop/Qt5.10.0/5.10.0/gcc_64/include/QtNetwork"/>
					<Add directory="/usr/include/c++/11"/>
					<Add directory="/usr/include/x86_64-linux-gnu/c++/11"/>
					<Add directory="/usr/include/c++/11/backward"/>
					<Add directory="/usr/lib/gcc/x86_64-linux-gnu/11/include"/>
					<Add directory="/usr/local/include"/>
					<Add directory="/usr/include/x86_64-linux-gnu"/>
					<Add directory="/usr/include"/>
					<Add directory="/usr/lib/llvm-14/lib/clang/14.0.0/include"/>
				</Compiler>
				<MakeCommands>
					<Build command="/usr/bin/gmake -j4 -f &quot;/home/zakerydesktop/Desktop/codingDev/StacerDev/build-Stacer-Desktop_Qt_5_10_0_GCC_64bit-Release/stacer-core/Makefile&quot;  VERBOSE=1 stacer-core"/>
					<CompileFile command="/usr/bin/gmake -j4 -f &quot;/home/zakerydesktop/Desktop/codingDev/StacerDev/build-Stacer-Desktop_Qt_5_10_0_GCC_64bit-Release/stacer-core/Makefile&quot;  VERBOSE=1 &quot;$file&quot;"/>
					<Clean command="/usr/bin/gmake -j4 -f &quot;/home/zakerydesktop/Desktop/codingDev/StacerDev/build-Stacer-Desktop_Qt_5_10_0_GCC_64bit-Release/stacer-core/Makefile&quot;  VERBOSE=1 clean"/>
					<DistClean command="/usr/bin/gmake -j4 -f &quot;/home/zakerydesktop/Desktop/codingDev/StacerDev/build-Stacer-Desktop_Qt_5_10_0_GCC_64bit-Release/stacer-core/Makefile&quot;  VERBOSE=1 clean"/>
				</MakeCommands>
			</Target>
			<Target title="stacer-core/fast">
				<Option output="/home/zakerydesktop/Desktop/codingDev/StacerDev/build-Stacer-Desktop_Qt_5_10_0_GCC_64bit-Release/output/lib/libstacer-core.a" prefix_auto="0" extension_auto="0"/>
				<Option working_dir="/home/zakerydesktop/Desktop/codingDev/StacerDev/build-Stacer-Desktop_Qt_5_10_0_GCC_64bit-Release/stacer-core"/>
				<Option object_output="./"/>
				<Option type="2"/>
				<Option compiler="gcc"/>
				<Compiler>
					<Add option="-DQT_DEPRECATED_WARNINGS"/>
					<Add option="-DSTACERCORE_LIBRARY"/>
					<Add option="-DQT_CORE_LIB"/>
					<Add option="-DQT_NO_DEBUG"/>
					<Add option="-DQT_NETWORK_LIB"/>
					<Add directory="/home/zakerydesktop/Desktop/codingDev/StacerDev/build-Stacer-Desktop_Qt_5_10_0_GCC_64bit-Release/stacer-core/stacer-core_autogen/include"/>
					<Add directory="/home/zakerydesktop/Desktop/codingDev/StacerDev/Stacer/stacer-core"/>
					<Add directory="/home/zakerydesktop/Desktop/codingDev/StacerDev/Stacer/stacer-core/Info"/>
					<Add directory="/home/zakerydesktop/Desktop/codingDev/StacerDev/Stacer/stacer-core/Tools"/>
					<Add directory="/home/zakerydesktop/Desktop/codingDev/StacerDev/Stacer/stacer-core/Utils"/>
					<Add directory="/home/zakerydesktop/Qt5.10.0/5.10.0/gcc_64/include"/>
					<Add directory="/home/zakerydesktop/Qt5.10.0/5.10.0/gcc_64/include/QtCore"/>
					<Add directory="/home/zakerydesktop/Qt5.10.0/5.10.0/gcc_64/./mkspecs/linux-g++"/>
					<Add directory="/home/zakerydesktop/Qt5.10.0/5.10.0/gcc_64/include/QtNetwork"/>
					<Add directory="/usr/include/c++/11"/>
					<Add directory="/usr/include/x86_64-linux-gnu/c++/11"/>
					<Add directory="/usr/include/c++/11/backward"/>
					<Add directory="/usr/lib/gcc/x86_64-linux-gnu/11/include"/>
					<Add directory="/usr/local/include"/>
					<Add directory="/usr/include/x86_64-linux-gnu"/>
					<Add directory="/usr/include"/>
					<Add directory="/usr/lib/llvm-14/lib/clang/14.0.0/include"/>
				</Compiler>
				<MakeCommands>
					<Build command="/usr/bin/gmake -j4 -f &quot;/home/zakerydesktop/Desktop/codingDev/StacerDev/build-Stacer-Desktop_Qt_5_10_0_GCC_64bit-Release/stacer-core/Makefile&quot;  VERBOSE=1 stacer-core/fast"/>
					<CompileFile command="/usr/bin/gmake -j4 -f &quot;/home/zakerydesktop/Desktop/codingDev/StacerDev/build-Stacer-Desktop_Qt_5_10_0_GCC_64bit-Release/stacer-core/Makefile&quot;  VERBOSE=1 &quot;$file&quot;"/>
					<Clean command="/usr/bin/gmake -j4 -f &quot;/home/zakerydesktop/Desktop/codingDev/StacerDev/build-Stacer-Desktop_Qt_5_10_0_GCC_64bit-Release/stacer-core/Makefile&quot;  VERBOSE=1 clean"/>
					<DistClean command="/usr/bin/gmake -j4 -f &quot;/home/zakerydesktop/Desktop/codingDev/StacerDev/build-Stacer-Desktop_Qt_5_10_0_GCC_64bit-Release/stacer-core/Makefile&quot;  VERBOSE=1 clean"/>
				</MakeCommands>
			</Target>
			<Target title="stacer-core_autogen">
				<Option working_dir="/home/zakerydesktop/Desktop/codingDev/StacerDev/build-Stacer-Desktop_Qt_5_10_0_GCC_64bit-Release/stacer-core"/>
				<Option type="4"/>
				<MakeCommands>
					<Build command="/usr/bin/gmake -j4 -f &quot;/home/zakerydesktop/Desktop/codingDev/StacerDev/build-Stacer-Desktop_Qt_5_10_0_GCC_64bit-Release/stacer-core/Makefile&quot;  VERBOSE=1 stacer-core_autogen"/>
					<CompileFile command="/usr/bin/gmake -j4 -f &quot;/home/zakerydesktop/Desktop/codingDev/StacerDev/build-Stacer-Desktop_Qt_5_10_0_GCC_64bit-Release/stacer-core/Makefile&quot;  VERBOSE=1 &quot;$file&quot;"/>
					<Clean command="/usr/bin/gmake -j4 -f &quot;/home/zakerydesktop/Desktop/codingDev/StacerDev/build-Stacer-Desktop_Qt_5_10_0_GCC_64bit-Release/stacer-core/Makefile&quot;  VERBOSE=1 clean"/>
					<DistClean command="/usr/bin/gmake -j4 -f &quot;/home/zakerydesktop/Desktop/codingDev/StacerDev/build-Stacer-Desktop_Qt_5_10_0_GCC_64bit-Release/stacer-core/Makefile&quot;  VERBOSE=1 clean"/>
				</MakeCommands>
			</Target>
			<Target title="stacer">
				<Option output="/home/zakerydesktop/Desktop/codingDev/StacerDev/build-Stacer-Desktop_Qt_5_10_0_GCC_64bit-Release/output/bin/stacer" prefix_auto="0" extension_auto="0"/>
				<Option working_dir="/home/zakerydesktop/Desktop/codingDev/StacerDev/build-Stacer-Desktop_Qt_5_10_0_GCC_64bit-Release/output/bin"/>
				<Option object_output="./"/>
				<Option type="1"/>
				<Option compiler="gcc"/>
				<Compiler>
					<Add option="-DQT_DEPRECATED_WARNINGS"/>
					<Add option="-DQT_CORE_LIB"/>
					<Add option="-DQT_NO_DEBUG"/>
					<Add option="-DQT_NETWORK_LIB"/>
					<Add option="-DQT_GUI_LIB"/>
					<Add option="-DQT_WIDGETS_LIB"/>
					<Add option="-DQT_CHARTS_LIB"/>
					<Add option="-DQT_SVG_LIB"/>
					<Add option="-DQT_CONCURRENT_LIB"/>
					<Add directory="/home/zakerydesktop/Desktop/codingDev/StacerDev/build-Stacer-Desktop_Qt_5_10_0_GCC_64bit-Release/stacer/stacer_autogen/include"/>
					<Add directory="/home/zakerydesktop/Desktop/codingDev/StacerDev/Stacer/stacer-core"/>
					<Add directory="/home/zakerydesktop/Desktop/codingDev/StacerDev/Stacer/stacer"/>
					<Add directory="/home/zakerydesktop/Desktop/codingDev/StacerDev/Stacer/stacer/Managers"/>
					<Add directory="/home/zakerydesktop/Desktop/codingDev/StacerDev/Stacer/stacer/Pages/Dashboard"/>
					<Add directory="/home/zakerydesktop/Desktop/codingDev/StacerDev/Stacer/stacer/Pages/Processes"/>
					<Add directory="/home/zakerydesktop/Desktop/codingDev/StacerDev/Stacer/stacer/Pages/Resources"/>
					<Add directory="/home/zakerydesktop/Desktop/codingDev/StacerDev/Stacer/stacer/Pages/Services"/>
					<Add directory="/home/zakerydesktop/Desktop/codingDev/StacerDev/Stacer/stacer/Pages/Settings"/>
					<Add directory="/home/zakerydesktop/Desktop/codingDev/StacerDev/Stacer/stacer/Pages/StartupApps"/>
					<Add directory="/home/zakerydesktop/Desktop/codingDev/StacerDev/Stacer/stacer/Pages/SystemCleaner"/>
					<Add directory="/home/zakerydesktop/Desktop/codingDev/StacerDev/Stacer/stacer/Pages/Uninstaller"/>
					<Add directory="/home/zakerydesktop/Desktop/codingDev/StacerDev/build-Stacer-Desktop_Qt_5_10_0_GCC_64bit-Release/stacer"/>
					<Add directory="/home/zakerydesktop/Qt5.10.0/5.10.0/gcc_64/include"/>
					<Add directory="/home/zakerydesktop/Qt5.10.0/5.10.0/gcc_64/include/QtCore"/>
					<Add directory="/home/zakerydesktop/Qt5.10.0/5.10.0/gcc_64/./mkspecs/linux-g++"/>
					<Add directory="/home/zakerydesktop/Qt5.10.0/5.10.0/gcc_64/include/QtNetwork"/>
					<Add directory="/home/zakerydesktop/Qt5.10.0/5.10.0/gcc_64/include/QtGui"/>
					<Add directory="/home/zakerydesktop/Qt5.10.0/5.10.0/gcc_64/include/QtWidgets"/>
					<Add directory="/home/zakerydesktop/Qt5.10.0/5.10.0/gcc_64/include/QtCharts"/>
					<Add directory="/home/zakerydesktop/Qt5.10.0/5.10.0/gcc_64/include/QtSvg"/>
					<Add directory="/home/zakerydesktop/Qt5.10.0/5.10.0/gcc_64/include/QtConcurrent"/>
					<Add directory="/usr/include/c++/11"/>
					<Add directory="/usr/include/x86_64-linux-gnu/c++/11"/>
					<Add directory="/usr/include/c++/11/backward"/>
					<Add directory="/usr/lib/gcc/x86_64-linux-gnu/11/include"/>
					<Add directory="/usr/local/include"/>
					<Add directory="/usr/include/x86_64-linux-gnu"/>
					<Add directory="/usr/include"/>
					<Add directory="/usr/lib/llvm-14/lib/clang/14.0.0/include"/>
				</Compiler>
				<MakeCommands>
					<Build command="/usr/bin/gmake -j4 -f &quot;/home/zakerydesktop/Desktop/codingDev/StacerDev/build-Stacer-Desktop_Qt_5_10_0_GCC_64bit-Release/stacer/Makefile&quot;  VERBOSE=1 stacer"/>
					<CompileFile command="/usr/bin/gmake -j4 -f &quot;/home/zakerydesktop/Desktop/codingDev/StacerDev/build-Stacer-Desktop_Qt_5_10_0_GCC_64bit-Release/stacer/Makefile&quot;  VERBOSE=1 &quot;$file&quot;"/>
					<Clean command="/usr/bin/gmake -j4 -f &quot;/home/zakerydesktop/Desktop/codingDev/StacerDev/build-Stacer-Desktop_Qt_5_10_0_GCC_64bit-Release/stacer/Makefile&quot;  VERBOSE=1 clean"/>
					<DistClean command="/usr/bin/gmake -j4 -f &quot;/home/zakerydesktop/Desktop/codingDev/StacerDev/build-Stacer-Desktop_Qt_5_10_0_GCC_64bit-Release/stacer/Makefile&quot;  VERBOSE=1 clean"/>
				</MakeCommands>
			</Target>
			<Target title="stacer/fast">
				<Option output="/home/zakerydesktop/Desktop/codingDev/StacerDev/build-Stacer-Desktop_Qt_5_10_0_GCC_64bit-Release/output/bin/stacer" prefix_auto="0" extension_auto="0"/>
				<Option working_dir="/home/zakerydesktop/Desktop/codingDev/StacerDev/build-Stacer-Desktop_Qt_5_10_0_GCC_64bit-Release/output/bin"/>
				<Option object_output="./"/>
				<Option type="1"/>
				<Option compiler="gcc"/>
				<Compiler>
					<Add option="-DQT_DEPRECATED_WARNINGS"/>
					<Add option="-DQT_CORE_LIB"/>
					<Add option="-DQT_NO_DEBUG"/>
					<Add option="-DQT_NETWORK_LIB"/>
					<Add option="-DQT_GUI_LIB"/>
					<Add option="-DQT_WIDGETS_LIB"/>
					<Add option="-DQT_CHARTS_LIB"/>
					<Add option="-DQT_SVG_LIB"/>
					<Add option="-DQT_CONCURRENT_LIB"/>
					<Add directory="/home/zakerydesktop/Desktop/codingDev/StacerDev/build-Stacer-Desktop_Qt_5_10_0_GCC_64bit-Release/stacer/stacer_autogen/include"/>
					<Add directory="/home/zakerydesktop/Desktop/codingDev/StacerDev/Stacer/stacer-core"/>
					<Add directory="/home/zakerydesktop/Desktop/codingDev/StacerDev/Stacer/stacer"/>
					<Add directory="/home/zakerydesktop/Desktop/codingDev/StacerDev/Stacer/stacer/Managers"/>
					<Add directory="/home/zakerydesktop/Desktop/codingDev/StacerDev/Stacer/stacer/Pages/Dashboard"/>
					<Add directory="/home/zakerydesktop/Desktop/codingDev/StacerDev/Stacer/stacer/Pages/Processes"/>
					<Add directory="/home/zakerydesktop/Desktop/codingDev/StacerDev/Stacer/stacer/Pages/Resources"/>
					<Add directory="/home/zakerydesktop/Desktop/codingDev/StacerDev/Stacer/stacer/Pages/Services"/>
					<Add directory="/home/zakerydesktop/Desktop/codingDev/StacerDev/Stacer/stacer/Pages/Settings"/>
					<Add directory="/home/zakerydesktop/Desktop/codingDev/StacerDev/Stacer/stacer/Pages/StartupApps"/>
					<Add directory="/home/zakerydesktop/Desktop/codingDev/StacerDev/Stacer/stacer/Pages/SystemCleaner"/>
					<Add directory="/home/zakerydesktop/Desktop/codingDev/StacerDev/Stacer/stacer/Pages/Uninstaller"/>
					<Add directory="/home/zakerydesktop/Desktop/codingDev/StacerDev/build-Stacer-Desktop_Qt_5_10_0_GCC_64bit-Release/stacer"/>
					<Add directory="/home/zakerydesktop/Qt5.10.0/5.10.0/gcc_64/include"/>
					<Add directory="/home/zakerydesktop/Qt5.10.0/5.10.0/gcc_64/include/QtCore"/>
					<Add directory="/home/zakerydesktop/Qt5.10.0/5.10.0/gcc_64/./mkspecs/linux-g++"/>
					<Add directory="/home/zakerydesktop/Qt5.10.0/5.10.0/gcc_64/include/QtNetwork"/>
					<Add directory="/home/zakerydesktop/Qt5.10.0/5.10.0/gcc_64/include/QtGui"/>
					<Add directory="/home/zakerydesktop/Qt5.10.0/5.10.0/gcc_64/include/QtWidgets"/>
					<Add directory="/home/zakerydesktop/Qt5.10.0/5.10.0/gcc_64/include/QtCharts"/>
					<Add directory="/home/zakerydesktop/Qt5.10.0/5.10.0/gcc_64/include/QtSvg"/>
					<Add directory="/home/zakerydesktop/Qt5.10.0/5.10.0/gcc_64/include/QtConcurrent"/>
					<Add directory="/usr/include/c++/11"/>
					<Add directory="/usr/include/x86_64-linux-gnu/c++/11"/>
					<Add directory="/usr/include/c++/11/backward"/>
					<Add directory="/usr/lib/gcc/x86_64-linux-gnu/11/include"/>
					<Add directory="/usr/local/include"/>
					<Add directory="/usr/include/x86_64-linux-gnu"/>
					<Add directory="/usr/include"/>
					<Add directory="/usr/lib/llvm-14/lib/clang/14.0.0/include"/>
				</Compiler>
				<MakeCommands>
					<Build command="/usr/bin/gmake -j4 -f &quot;/home/zakerydesktop/Desktop/codingDev/StacerDev/build-Stacer-Desktop_Qt_5_10_0_GCC_64bit-Release/stacer/Makefile&quot;  VERBOSE=1 stacer/fast"/>
					<CompileFile command="/usr/bin/gmake -j4 -f &quot;/home/zakerydesktop/Desktop/codingDev/StacerDev/build-Stacer-Desktop_Qt_5_10_0_GCC_64bit-Release/stacer/Makefile&quot;  VERBOSE=1 &quot;$file&quot;"/>
					<Clean command="/usr/bin/gmake -j4 -f &quot;/home/zakerydesktop/Desktop/codingDev/StacerDev/build-Stacer-Desktop_Qt_5_10_0_GCC_64bit-Release/stacer/Makefile&quot;  VERBOSE=1 clean"/>
					<DistClean command="/usr/bin/gmake -j4 -f &quot;/home/zakerydesktop/Desktop/codingDev/StacerDev/build-Stacer-Desktop_Qt_5_10_0_GCC_64bit-Release/stacer/Makefile&quot;  VERBOSE=1 clean"/>
				</MakeCommands>
			</Target>
			<Target title="stacer_autogen">
				<Option working_dir="/home/zakerydesktop/Desktop/codingDev/StacerDev/build-Stacer-Desktop_Qt_5_10_0_GCC_64bit-Release/stacer"/>
				<Option type="4"/>
				<MakeCommands>
					<Build command="/usr/bin/gmake -j4 -f &quot;/home/zakerydesktop/Desktop/codingDev/StacerDev/build-Stacer-Desktop_Qt_5_10_0_GCC_64bit-Release/stacer/Makefile&quot;  VERBOSE=1 stacer_autogen"/>
					<CompileFile command="/usr/bin/gmake -j4 -f &quot;/home/zakerydesktop/Desktop/codingDev/StacerDev/build-Stacer-Desktop_Qt_5_10_0_GCC_64bit-Release/stacer/Makefile&quot;  VERBOSE=1 &quot;$file&quot;"/>
					<Clean command="/usr/bin/gmake -j4 -f &quot;/home/zakerydesktop/Desktop/codingDev/StacerDev/build-Stacer-Desktop_Qt_5_10_0_GCC_64bit-Release/stacer/Makefile&quot;  VERBOSE=1 clean"/>
					<DistClean command="/usr/bin/gmake -j4 -f &quot;/home/zakerydesktop/Desktop/codingDev/StacerDev/build-Stacer-Desktop_Qt_5_10_0_GCC_64bit-Release/stacer/Makefile&quot;  VERBOSE=1 clean"/>
				</MakeCommands>
			</Target>
		</Build>
		<Unit filename="/home/zakerydesktop/Desktop/codingDev/StacerDev/Stacer/stacer-core/Info/cpu_info.cpp">
			<Option target="stacer-core"/>
		</Unit>
		<Unit filename="/home/zakerydesktop/Desktop/codingDev/StacerDev/Stacer/stacer-core/Info/cpu_info.h">
			<Option target="stacer-core"/>
		</Unit>
		<Unit filename="/home/zakerydesktop/Desktop/codingDev/StacerDev/Stacer/stacer-core/Info/disk_info.cpp">
			<Option target="stacer-core"/>
		</Unit>
		<Unit filename="/home/zakerydesktop/Desktop/codingDev/StacerDev/Stacer/stacer-core/Info/disk_info.h">
			<Option target="stacer-core"/>
		</Unit>
		<Unit filename="/home/zakerydesktop/Desktop/codingDev/StacerDev/Stacer/stacer-core/Info/memory_info.cpp">
			<Option target="stacer-core"/>
		</Unit>
		<Unit filename="/home/zakerydesktop/Desktop/codingDev/StacerDev/Stacer/stacer-core/Info/memory_info.h">
			<Option target="stacer-core"/>
		</Unit>
		<Unit filename="/home/zakerydesktop/Desktop/codingDev/StacerDev/Stacer/stacer-core/Info/network_info.cpp">
			<Option target="stacer-core"/>
		</Unit>
		<Unit filename="/home/zakerydesktop/Desktop/codingDev/StacerDev/Stacer/stacer-core/Info/network_info.h">
			<Option target="stacer-core"/>
		</Unit>
		<Unit filename="/home/zakerydesktop/Desktop/codingDev/StacerDev/Stacer/stacer-core/Info/process.cpp">
			<Option target="stacer-core"/>
		</Unit>
		<Unit filename="/home/zakerydesktop/Desktop/codingDev/StacerDev/Stacer/stacer-core/Info/process.h">
			<Option target="stacer-core"/>
		</Unit>
		<Unit filename="/home/zakerydesktop/Desktop/codingDev/StacerDev/Stacer/stacer-core/Info/process_info.cpp">
			<Option target="stacer-core"/>
		</Unit>
		<Unit filename="/home/zakerydesktop/Desktop/codingDev/StacerDev/Stacer/stacer-core/Info/process_info.h">
			<Option target="stacer-core"/>
		</Unit>
		<Unit filename="/home/zakerydesktop/Desktop/codingDev/StacerDev/Stacer/stacer-core/Info/system_info.cpp">
			<Option target="stacer-core"/>
		</Unit>
		<Unit filename="/home/zakerydesktop/Desktop/codingDev/StacerDev/Stacer/stacer-core/Info/system_info.h">
			<Option target="stacer-core"/>
		</Unit>
		<Unit filename="/home/zakerydesktop/Desktop/codingDev/StacerDev/Stacer/stacer-core/Tools/apt_source_tool.cpp">
			<Option target="stacer-core"/>
		</Unit>
		<Unit filename="/home/zakerydesktop/Desktop/codingDev/StacerDev/Stacer/stacer-core/Tools/apt_source_tool.h">
			<Option target="stacer-core"/>
		</Unit>
		<Unit filename="/home/zakerydesktop/Desktop/codingDev/StacerDev/Stacer/stacer-core/Tools/gnome_settings_tool.cpp">
			<Option target="stacer-core"/>
		</Unit>
		<Unit filename="/home/zakerydesktop/Desktop/codingDev/StacerDev/Stacer/stacer-core/Tools/gnome_settings_tool.h">
			<Option target="stacer-core"/>
		</Unit>
		<Unit filename="/home/zakerydesktop/Desktop/codingDev/StacerDev/Stacer/stacer-core/Tools/package_tool.cpp">
			<Option target="stacer-core"/>
		</Unit>
		<Unit filename="/home/zakerydesktop/Desktop/codingDev/StacerDev/Stacer/stacer-core/Tools/package_tool.h">
			<Option target="stacer-core"/>
		</Unit>
		<Unit filename="/home/zakerydesktop/Desktop/codingDev/StacerDev/Stacer/stacer-core/Tools/service_tool.cpp">
			<Option target="stacer-core"/>
		</Unit>
		<Unit filename="/home/zakerydesktop/Desktop/codingDev/StacerDev/Stacer/stacer-core/Tools/service_tool.h">
			<Option target="stacer-core"/>
		</Unit>
		<Unit filename="/home/zakerydesktop/Desktop/codingDev/StacerDev/Stacer/stacer-core/Utils/command_util.cpp">
			<Option target="stacer-core"/>
		</Unit>
		<Unit filename="/home/zakerydesktop/Desktop/codingDev/StacerDev/Stacer/stacer-core/Utils/command_util.h">
			<Option target="stacer-core"/>
		</Unit>
		<Unit filename="/home/zakerydesktop/Desktop/codingDev/StacerDev/Stacer/stacer-core/Utils/file_util.cpp">
			<Option target="stacer-core"/>
		</Unit>
		<Unit filename="/home/zakerydesktop/Desktop/codingDev/StacerDev/Stacer/stacer-core/Utils/file_util.h">
			<Option target="stacer-core"/>
		</Unit>
		<Unit filename="/home/zakerydesktop/Desktop/codingDev/StacerDev/Stacer/stacer-core/Utils/format_util.cpp">
			<Option target="stacer-core"/>
		</Unit>
		<Unit filename="/home/zakerydesktop/Desktop/codingDev/StacerDev/Stacer/stacer-core/Utils/format_util.h">
			<Option target="stacer-core"/>
		</Unit>
		<Unit filename="/home/zakerydesktop/Desktop/codingDev/StacerDev/Stacer/stacer/Managers/app_manager.cpp">
			<Option target="stacer"/>
		</Unit>
		<Unit filename="/home/zakerydesktop/Desktop/codingDev/StacerDev/Stacer/stacer/Managers/app_manager.h">
			<Option target="stacer"/>
		</Unit>
		<Unit filename="/home/zakerydesktop/Desktop/codingDev/StacerDev/Stacer/stacer/Managers/info_manager.cpp">
			<Option target="stacer"/>
		</Unit>
		<Unit filename="/home/zakerydesktop/Desktop/codingDev/StacerDev/Stacer/stacer/Managers/info_manager.h">
			<Option target="stacer"/>
		</Unit>
		<Unit filename="/home/zakerydesktop/Desktop/codingDev/StacerDev/Stacer/stacer/Managers/setting_manager.cpp">
			<Option target="stacer"/>
		</Unit>
		<Unit filename="/home/zakerydesktop/Desktop/codingDev/StacerDev/Stacer/stacer/Managers/setting_manager.h">
			<Option target="stacer"/>
		</Unit>
		<Unit filename="/home/zakerydesktop/Desktop/codingDev/StacerDev/Stacer/stacer/Managers/tool_manager.cpp">
			<Option target="stacer"/>
		</Unit>
		<Unit filename="/home/zakerydesktop/Desktop/codingDev/StacerDev/Stacer/stacer/Managers/tool_manager.h">
			<Option target="stacer"/>
		</Unit>
		<Unit filename="/home/zakerydesktop/Desktop/codingDev/StacerDev/Stacer/stacer/Pages/AptSourceManager/apt_source_edit.cpp">
			<Option target="stacer"/>
		</Unit>
		<Unit filename="/home/zakerydesktop/Desktop/codingDev/StacerDev/Stacer/stacer/Pages/AptSourceManager/apt_source_edit.h">
			<Option target="stacer"/>
		</Unit>
		<Unit filename="/home/zakerydesktop/Desktop/codingDev/StacerDev/Stacer/stacer/Pages/AptSourceManager/apt_source_manager_page.cpp">
			<Option target="stacer"/>
		</Unit>
		<Unit filename="/home/zakerydesktop/Desktop/codingDev/StacerDev/Stacer/stacer/Pages/AptSourceManager/apt_source_manager_page.h">
			<Option target="stacer"/>
		</Unit>
		<Unit filename="/home/zakerydesktop/Desktop/codingDev/StacerDev/Stacer/stacer/Pages/AptSourceManager/apt_source_repository_item.cpp">
			<Option target="stacer"/>
		</Unit>
		<Unit filename="/home/zakerydesktop/Desktop/codingDev/StacerDev/Stacer/stacer/Pages/AptSourceManager/apt_source_repository_item.h">
			<Option target="stacer"/>
		</Unit>
		<Unit filename="/home/zakerydesktop/Desktop/codingDev/StacerDev/Stacer/stacer/Pages/Dashboard/circlebar.cpp">
			<Option target="stacer"/>
		</Unit>
		<Unit filename="/home/zakerydesktop/Desktop/codingDev/StacerDev/Stacer/stacer/Pages/Dashboard/circlebar.h">
			<Option target="stacer"/>
		</Unit>
		<Unit filename="/home/zakerydesktop/Desktop/codingDev/StacerDev/Stacer/stacer/Pages/Dashboard/dashboard_page.cpp">
			<Option target="stacer"/>
		</Unit>
		<Unit filename="/home/zakerydesktop/Desktop/codingDev/StacerDev/Stacer/stacer/Pages/Dashboard/dashboard_page.h">
			<Option target="stacer"/>
		</Unit>
		<Unit filename="/home/zakerydesktop/Desktop/codingDev/StacerDev/Stacer/stacer/Pages/Dashboard/linebar.cpp">
			<Option target="stacer"/>
		</Unit>
		<Unit filename="/home/zakerydesktop/Desktop/codingDev/StacerDev/Stacer/stacer/Pages/Dashboard/linebar.h">
			<Option target="stacer"/>
		</Unit>
		<Unit filename="/home/zakerydesktop/Desktop/codingDev/StacerDev/Stacer/stacer/Pages/GnomeSettings/appearance_settings.cpp">
			<Option target="stacer"/>
		</Unit>
		<Unit filename="/home/zakerydesktop/Desktop/codingDev/StacerDev/Stacer/stacer/Pages/GnomeSettings/appearance_settings.h">
			<Option target="stacer"/>
		</Unit>
		<Unit filename="/home/zakerydesktop/Desktop/codingDev/StacerDev/Stacer/stacer/Pages/GnomeSettings/gnome_settings_page.cpp">
			<Option target="stacer"/>
		</Unit>
		<Unit filename="/home/zakerydesktop/Desktop/codingDev/StacerDev/Stacer/stacer/Pages/GnomeSettings/gnome_settings_page.h">
			<Option target="stacer"/>
		</Unit>
		<Unit filename="/home/zakerydesktop/Desktop/codingDev/StacerDev/Stacer/stacer/Pages/GnomeSettings/unity_settings.cpp">
			<Option target="stacer"/>
		</Unit>
		<Unit filename="/home/zakerydesktop/Desktop/codingDev/StacerDev/Stacer/stacer/Pages/GnomeSettings/unity_settings.h">
			<Option target="stacer"/>
		</Unit>
		<Unit filename="/home/zakerydesktop/Desktop/codingDev/StacerDev/Stacer/stacer/Pages/GnomeSettings/window_manager_settings.cpp">
			<Option target="stacer"/>
		</Unit>
		<Unit filename="/home/zakerydesktop/Desktop/codingDev/StacerDev/Stacer/stacer/Pages/GnomeSettings/window_manager_settings.h">
			<Option target="stacer"/>
		</Unit>
		<Unit filename="/home/zakerydesktop/Desktop/codingDev/StacerDev/Stacer/stacer/Pages/Processes/processes_page.cpp">
			<Option target="stacer"/>
		</Unit>
		<Unit filename="/home/zakerydesktop/Desktop/codingDev/StacerDev/Stacer/stacer/Pages/Processes/processes_page.h">
			<Option target="stacer"/>
		</Unit>
		<Unit filename="/home/zakerydesktop/Desktop/codingDev/StacerDev/Stacer/stacer/Pages/Resources/history_chart.cpp">
			<Option target="stacer"/>
		</Unit>
		<Unit filename="/home/zakerydesktop/Desktop/codingDev/StacerDev/Stacer/stacer/Pages/Resources/history_chart.h">
			<Option target="stacer"/>
		</Unit>
		<Unit filename="/home/zakerydesktop/Desktop/codingDev/StacerDev/Stacer/stacer/Pages/Resources/resources_page.cpp">
			<Option target="stacer"/>
		</Unit>
		<Unit filename="/home/zakerydesktop/Desktop/codingDev/StacerDev/Stacer/stacer/Pages/Resources/resources_page.h">
			<Option target="stacer"/>
		</Unit>
		<Unit filename="/home/zakerydesktop/Desktop/codingDev/StacerDev/Stacer/stacer/Pages/Services/service_item.cpp">
			<Option target="stacer"/>
		</Unit>
		<Unit filename="/home/zakerydesktop/Desktop/codingDev/StacerDev/Stacer/stacer/Pages/Services/service_item.h">
			<Option target="stacer"/>
		</Unit>
		<Unit filename="/home/zakerydesktop/Desktop/codingDev/StacerDev/Stacer/stacer/Pages/Services/services_page.cpp">
			<Option target="stacer"/>
		</Unit>
		<Unit filename="/home/zakerydesktop/Desktop/codingDev/StacerDev/Stacer/stacer/Pages/Services/services_page.h">
			<Option target="stacer"/>
		</Unit>
		<Unit filename="/home/zakerydesktop/Desktop/codingDev/StacerDev/Stacer/stacer/Pages/Settings/settings_page.cpp">
			<Option target="stacer"/>
		</Unit>
		<Unit filename="/home/zakerydesktop/Desktop/codingDev/StacerDev/Stacer/stacer/Pages/Settings/settings_page.h">
			<Option target="stacer"/>
		</Unit>
		<Unit filename="/home/zakerydesktop/Desktop/codingDev/StacerDev/Stacer/stacer/Pages/StartupApps/startup_app.cpp">
			<Option target="stacer"/>
		</Unit>
		<Unit filename="/home/zakerydesktop/Desktop/codingDev/StacerDev/Stacer/stacer/Pages/StartupApps/startup_app.h">
			<Option target="stacer"/>
		</Unit>
		<Unit filename="/home/zakerydesktop/Desktop/codingDev/StacerDev/Stacer/stacer/Pages/StartupApps/startup_app_edit.cpp">
			<Option target="stacer"/>
		</Unit>
		<Unit filename="/home/zakerydesktop/Desktop/codingDev/StacerDev/Stacer/stacer/Pages/StartupApps/startup_app_edit.h">
			<Option target="stacer"/>
		</Unit>
		<Unit filename="/home/zakerydesktop/Desktop/codingDev/StacerDev/Stacer/stacer/Pages/StartupApps/startup_apps_page.cpp">
			<Option target="stacer"/>
		</Unit>
		<Unit filename="/home/zakerydesktop/Desktop/codingDev/StacerDev/Stacer/stacer/Pages/StartupApps/startup_apps_page.h">
			<Option target="stacer"/>
		</Unit>
		<Unit filename="/home/zakerydesktop/Desktop/codingDev/StacerDev/Stacer/stacer/Pages/SystemCleaner/system_cleaner_page.cpp">
			<Option target="stacer"/>
		</Unit>
		<Unit filename="/home/zakerydesktop/Desktop/codingDev/StacerDev/Stacer/stacer/Pages/SystemCleaner/system_cleaner_page.h">
			<Option target="stacer"/>
		</Unit>
		<Unit filename="/home/zakerydesktop/Desktop/codingDev/StacerDev/Stacer/stacer/Pages/Uninstaller/uninstaller_page.cpp">
			<Option target="stacer"/>
		</Unit>
		<Unit filename="/home/zakerydesktop/Desktop/codingDev/StacerDev/Stacer/stacer/Pages/Uninstaller/uninstaller_page.h">
			<Option target="stacer"/>
		</Unit>
		<Unit filename="/home/zakerydesktop/Desktop/codingDev/StacerDev/Stacer/stacer/app.cpp">
			<Option target="stacer"/>
		</Unit>
		<Unit filename="/home/zakerydesktop/Desktop/codingDev/StacerDev/Stacer/stacer/app.h">
			<Option target="stacer"/>
		</Unit>
		<Unit filename="/home/zakerydesktop/Desktop/codingDev/StacerDev/Stacer/stacer/feedback.cpp">
			<Option target="stacer"/>
		</Unit>
		<Unit filename="/home/zakerydesktop/Desktop/codingDev/StacerDev/Stacer/stacer/feedback.h">
			<Option target="stacer"/>
		</Unit>
		<Unit filename="/home/zakerydesktop/Desktop/codingDev/StacerDev/Stacer/stacer/limit_process_widget.cpp">
			<Option target="stacer"/>
		</Unit>
		<Unit filename="/home/zakerydesktop/Desktop/codingDev/StacerDev/Stacer/stacer/limit_process_widget.h">
			<Option target="stacer"/>
		</Unit>
		<Unit filename="/home/zakerydesktop/Desktop/codingDev/StacerDev/Stacer/stacer/main.cpp">
			<Option target="stacer"/>
		</Unit>
		<Unit filename="/home/zakerydesktop/Desktop/codingDev/StacerDev/Stacer/stacer/signal_mapper.cpp">
			<Option target="stacer"/>
		</Unit>
		<Unit filename="/home/zakerydesktop/Desktop/codingDev/StacerDev/Stacer/stacer/signal_mapper.h">
			<Option target="stacer"/>
		</Unit>
		<Unit filename="/home/zakerydesktop/Desktop/codingDev/StacerDev/Stacer/stacer/sliding_stacked_widget.cpp">
			<Option target="stacer"/>
		</Unit>
		<Unit filename="/home/zakerydesktop/Desktop/codingDev/StacerDev/Stacer/stacer/sliding_stacked_widget.h">
			<Option target="stacer"/>
		</Unit>
		<Unit filename="/home/zakerydesktop/Desktop/codingDev/StacerDev/Stacer/stacer/static.qrc">
			<Option target="stacer"/>
		</Unit>
		<Unit filename="/home/zakerydesktop/Desktop/codingDev/StacerDev/build-Stacer-Desktop_Qt_5_10_0_GCC_64bit-Release/stacer-core/stacer-core_autogen/mocs_compilation.cpp">
			<Option target="stacer-core"/>
		</Unit>
		<Unit filename="/home/zakerydesktop/Desktop/codingDev/StacerDev/build-Stacer-Desktop_Qt_5_10_0_GCC_64bit-Release/stacer/stacer_autogen/EWIEGA46WW/qrc_static.cpp">
			<Option target="stacer"/>
		</Unit>
		<Unit filename="/home/zakerydesktop/Desktop/codingDev/StacerDev/build-Stacer-Desktop_Qt_5_10_0_GCC_64bit-Release/stacer/stacer_autogen/EWIEGA46WW/qrc_static.cpp.rule">
			<Option target="stacer"/>
		</Unit>
		<Unit filename="/home/zakerydesktop/Desktop/codingDev/StacerDev/build-Stacer-Desktop_Qt_5_10_0_GCC_64bit-Release/stacer/stacer_autogen/mocs_compilation.cpp">
			<Option target="stacer"/>
		</Unit>
		<Unit filename="/home/zakerydesktop/Desktop/codingDev/StacerDev/Stacer/CMakeLists.txt">
			<Option virtualFolder="CMake Files\"/>
		</Unit>
		<Unit filename="/home/zakerydesktop/Desktop/codingDev/StacerDev/Stacer/cmake/cxxbasics/CXXBasics.cmake">
			<Option virtualFolder="CMake Files\cmake\cxxbasics\"/>
		</Unit>
		<Unit filename="/home/zakerydesktop/Desktop/codingDev/StacerDev/Stacer/cmake/cxxbasics/DefaultSettings.cmake">
			<Option virtualFolder="CMake Files\cmake\cxxbasics\"/>
		</Unit>
		<Unit filename="/home/zakerydesktop/Desktop/codingDev/StacerDev/Stacer/cmake/cxxbasics/InitCXXBasics.cmake">
			<Option virtualFolder="CMake Files\cmake\cxxbasics\"/>
		</Unit>
		<Unit filename="/home/zakerydesktop/Desktop/codingDev/StacerDev/Stacer/cmake/cxxbasics/helpers/MacroCustomMessages.cmake">
			<Option virtualFolder="CMake Files\cmake\cxxbasics\helpers\"/>
		</Unit>
		<Unit filename="/home/zakerydesktop/Desktop/codingDev/StacerDev/Stacer/cmake/cxxbasics/helpers/MacroOpt.cmake">
			<Option virtualFolder="CMake Files\cmake\cxxbasics\helpers\"/>
		</Unit>
		<Unit filename="/home/zakerydesktop/Desktop/codingDev/StacerDev/Stacer/cmake/cxxbasics/accelerators/UseCCache.cmake">
			<Option virtualFolder="CMake Files\cmake\cxxbasics\accelerators\"/>
		</Unit>
		<Unit filename="/home/zakerydesktop/Desktop/codingDev/StacerDev/Stacer/cmake/cxxbasics/accelerators/UseCompilerCacheTool.cmake">
			<Option virtualFolder="CMake Files\cmake\cxxbasics\accelerators\"/>
		</Unit>
		<Unit filename="/home/zakerydesktop/Desktop/codingDev/StacerDev/Stacer/cmake/cxxbasics/accelerators/UseFasterLinkers.cmake">
			<Option virtualFolder="CMake Files\cmake\cxxbasics\accelerators\"/>
		</Unit>
		<Unit filename="/home/zakerydesktop/Desktop/codingDev/StacerDev/Stacer/cmake/cxxbasics/accelerators/UseSCCache.cmake">
			<Option virtualFolder="CMake Files\cmake\cxxbasics\accelerators\"/>
		</Unit>
		<Unit filename="/home/zakerydesktop/Desktop/codingDev/StacerDev/Stacer/cmake/cxxbasics/compiler_detection/GetTargetArch.cmake">
			<Option virtualFolder="CMake Files\cmake\cxxbasics\compiler_detection\"/>
		</Unit>
		<Unit filename="/home/zakerydesktop/Desktop/codingDev/StacerDev/Stacer/../../../../Qt5.10.0/5.10.0/gcc_64/lib/cmake/Qt5/Qt5Config.cmake">
			<Option virtualFolder="CMake Files\..\..\..\..\Qt5.10.0\5.10.0\gcc_64\lib\cmake\Qt5\"/>
		</Unit>
		<Unit filename="/home/zakerydesktop/Desktop/codingDev/StacerDev/Stacer/../../../../Qt5.10.0/5.10.0/gcc_64/lib/cmake/Qt5/Qt5ConfigVersion.cmake">
			<Option virtualFolder="CMake Files\..\..\..\..\Qt5.10.0\5.10.0\gcc_64\lib\cmake\Qt5\"/>
		</Unit>
		<Unit filename="/home/zakerydesktop/Desktop/codingDev/StacerDev/Stacer/../../../../Qt5.10.0/5.10.0/gcc_64/lib/cmake/Qt5/Qt5ModuleLocation.cmake">
			<Option virtualFolder="CMake Files\..\..\..\..\Qt5.10.0\5.10.0\gcc_64\lib\cmake\Qt5\"/>
		</Unit>
		<Unit filename="/home/zakerydesktop/Desktop/codingDev/StacerDev/Stacer/../../../../Qt5.10.0/5.10.0/gcc_64/lib/cmake/Qt5Core/Qt5CoreConfig.cmake">
			<Option virtualFolder="CMake Files\..\..\..\..\Qt5.10.0\5.10.0\gcc_64\lib\cmake\Qt5Core\"/>
		</Unit>
		<Unit filename="/home/zakerydesktop/Desktop/codingDev/StacerDev/Stacer/../../../../Qt5.10.0/5.10.0/gcc_64/lib/cmake/Qt5Core/Qt5CoreConfigExtras.cmake">
			<Option virtualFolder="CMake Files\..\..\..\..\Qt5.10.0\5.10.0\gcc_64\lib\cmake\Qt5Core\"/>
		</Unit>
		<Unit filename="/home/zakerydesktop/Desktop/codingDev/StacerDev/Stacer/../../../../Qt5.10.0/5.10.0/gcc_64/lib/cmake/Qt5Core/Qt5CoreConfigExtrasMkspecDir.cmake">
			<Option virtualFolder="CMake Files\..\..\..\..\Qt5.10.0\5.10.0\gcc_64\lib\cmake\Qt5Core\"/>
		</Unit>
		<Unit filename="/home/zakerydesktop/Desktop/codingDev/StacerDev/Stacer/../../../../Qt5.10.0/5.10.0/gcc_64/lib/cmake/Qt5Core/Qt5CoreConfigVersion.cmake">
			<Option virtualFolder="CMake Files\..\..\..\..\Qt5.10.0\5.10.0\gcc_64\lib\cmake\Qt5Core\"/>
		</Unit>
		<Unit filename="/home/zakerydesktop/Desktop/codingDev/StacerDev/Stacer/../../../../Qt5.10.0/5.10.0/gcc_64/lib/cmake/Qt5Core/Qt5CoreMacros.cmake">
			<Option virtualFolder="CMake Files\..\..\..\..\Qt5.10.0\5.10.0\gcc_64\lib\cmake\Qt5Core\"/>
		</Unit>
		<Unit filename="/home/zakerydesktop/Desktop/codingDev/StacerDev/Stacer/../../../../Qt5.10.0/5.10.0/gcc_64/lib/cmake/Qt5Gui/Qt5GuiConfig.cmake">
			<Option virtualFolder="CMake Files\..\..\..\..\Qt5.10.0\5.10.0\gcc_64\lib\cmake\Qt5Gui\"/>
		</Unit>
		<Unit filename="/home/zakerydesktop/Desktop/codingDev/StacerDev/Stacer/../../../../Qt5.10.0/5.10.0/gcc_64/lib/cmake/Qt5Gui/Qt5GuiConfigExtras.cmake">
			<Option virtualFolder="CMake Files\..\..\..\..\Qt5.10.0\5.10.0\gcc_64\lib\cmake\Qt5Gui\"/>
		</Unit>
		<Unit filename="/home/zakerydesktop/Desktop/codingDev/StacerDev/Stacer/../../../../Qt5.10.0/5.10.0/gcc_64/lib/cmake/Qt5Gui/Qt5GuiConfigVersion.cmake">
			<Option virtualFolder="CMake Files\..\..\..\..\Qt5.10.0\5.10.0\gcc_64\lib\cmake\Qt5Gui\"/>
		</Unit>
		<Unit filename="/home/zakerydesktop/Desktop/codingDev/StacerDev/Stacer/../../../../Qt5.10.0/5.10.0/gcc_64/lib/cmake/Qt5Gui/Qt5Gui_QComposePlatformInputContextPlugin.cmake">
			<Option virtualFolder="CMake Files\..\..\..\..\Qt5.10.0\5.10.0\gcc_64\lib\cmake\Qt5Gui\"/>
		</Unit>
		<Unit filename="/home/zakerydesktop/Desktop/codingDev/StacerDev/Stacer/../../../../Qt5.10.0/5.10.0/gcc_64/lib/cmake/Qt5Gui/Qt5Gui_QEglFSEmulatorIntegrationPlugin.cmake">
			<Option virtualFolder="CMake Files\..\..\..\..\Qt5.10.0\5.10.0\gcc_64\lib\cmake\Qt5Gui\"/>
		</Unit>
		<Unit filename="/home/zakerydesktop/Desktop/codingDev/StacerDev/Stacer/../../../../Qt5.10.0/5.10.0/gcc_64/lib/cmake/Qt5Gui/Qt5Gui_QEglFSIntegrationPlugin.cmake">
			<Option virtualFolder="CMake Files\..\..\..\..\Qt5.10.0\5.10.0\gcc_64\lib\cmake\Qt5Gui\"/>
		</Unit>
		<Unit filename="/home/zakerydesktop/Desktop/codingDev/StacerDev/Stacer/../../../../Qt5.10.0/5.10.0/gcc_64/lib/cmake/Qt5Gui/Qt5Gui_QEglFSKmsEglDeviceIntegrationPlugin.cmake">
			<Option virtualFolder="CMake Files\..\..\..\..\Qt5.10.0\5.10.0\gcc_64\lib\cmake\Qt5Gui\"/>
		</Unit>
		<Unit filename="/home/zakerydesktop/Desktop/codingDev/StacerDev/Stacer/../../../../Qt5.10.0/5.10.0/gcc_64/lib/cmake/Qt5Gui/Qt5Gui_QEglFSX11IntegrationPlugin.cmake">
			<Option virtualFolder="CMake Files\..\..\..\..\Qt5.10.0\5.10.0\gcc_64\lib\cmake\Qt5Gui\"/>
		</Unit>
		<Unit filename="/home/zakerydesktop/Desktop/codingDev/StacerDev/Stacer/../../../../Qt5.10.0/5.10.0/gcc_64/lib/cmake/Qt5Gui/Qt5Gui_QEvdevKeyboardPlugin.cmake">
			<Option virtualFolder="CMake Files\..\..\..\..\Qt5.10.0\5.10.0\gcc_64\lib\cmake\Qt5Gui\"/>
		</Unit>
		<Unit filename="/home/zakerydesktop/Desktop/codingDev/StacerDev/Stacer/../../../../Qt5.10.0/5.10.0/gcc_64/lib/cmake/Qt5Gui/Qt5Gui_QEvdevMousePlugin.cmake">
			<Option virtualFolder="CMake Files\..\..\..\..\Qt5.10.0\5.10.0\gcc_64\lib\cmake\Qt5Gui\"/>
		</Unit>
		<Unit filename="/home/zakerydesktop/Desktop/codingDev/StacerDev/Stacer/../../../../Qt5.10.0/5.10.0/gcc_64/lib/cmake/Qt5Gui/Qt5Gui_QEvdevTabletPlugin.cmake">
			<Option virtualFolder="CMake Files\..\..\..\..\Qt5.10.0\5.10.0\gcc_64\lib\cmake\Qt5Gui\"/>
		</Unit>
		<Unit filename="/home/zakerydesktop/Desktop/codingDev/StacerDev/Stacer/../../../../Qt5.10.0/5.10.0/gcc_64/lib/cmake/Qt5Gui/Qt5Gui_QEvdevTouchScreenPlugin.cmake">
			<Option virtualFolder="CMake Files\..\..\..\..\Qt5.10.0\5.10.0\gcc_64\lib\cmake\Qt5Gui\"/>
		</Unit>
		<Unit filename="/home/zakerydesktop/Desktop/codingDev/StacerDev/Stacer/../../../../Qt5.10.0/5.10.0/gcc_64/lib/cmake/Qt5Gui/Qt5Gui_QGifPlugin.cmake">
			<Option virtualFolder="CMake Files\..\..\..\..\Qt5.10.0\5.10.0\gcc_64\lib\cmake\Qt5Gui\"/>
		</Unit>
		<Unit filename="/home/zakerydesktop/Desktop/codingDev/StacerDev/Stacer/../../../../Qt5.10.0/5.10.0/gcc_64/lib/cmake/Qt5Gui/Qt5Gui_QGtk3ThemePlugin.cmake">
			<Option virtualFolder="CMake Files\..\..\..\..\Qt5.10.0\5.10.0\gcc_64\lib\cmake\Qt5Gui\"/>
		</Unit>
		<Unit filename="/home/zakerydesktop/Desktop/codingDev/StacerDev/Stacer/../../../../Qt5.10.0/5.10.0/gcc_64/lib/cmake/Qt5Gui/Qt5Gui_QICNSPlugin.cmake">
			<Option virtualFolder="CMake Files\..\..\..\..\Qt5.10.0\5.10.0\gcc_64\lib\cmake\Qt5Gui\"/>
		</Unit>
		<Unit filename="/home/zakerydesktop/Desktop/codingDev/StacerDev/Stacer/../../../../Qt5.10.0/5.10.0/gcc_64/lib/cmake/Qt5Gui/Qt5Gui_QICOPlugin.cmake">
			<Option virtualFolder="CMake Files\..\..\..\..\Qt5.10.0\5.10.0\gcc_64\lib\cmake\Qt5Gui\"/>
		</Unit>
		<Unit filename="/home/zakerydesktop/Desktop/codingDev/StacerDev/Stacer/../../../../Qt5.10.0/5.10.0/gcc_64/lib/cmake/Qt5Gui/Qt5Gui_QIbusPlatformInputContextPlugin.cmake">
			<Option virtualFolder="CMake Files\..\..\..\..\Qt5.10.0\5.10.0\gcc_64\lib\cmake\Qt5Gui\"/>
		</Unit>
		<Unit filename="/home/zakerydesktop/Desktop/codingDev/StacerDev/Stacer/../../../../Qt5.10.0/5.10.0/gcc_64/lib/cmake/Qt5Gui/Qt5Gui_QJpegPlugin.cmake">
			<Option virtualFolder="CMake Files\..\..\..\..\Qt5.10.0\5.10.0\gcc_64\lib\cmake\Qt5Gui\"/>
		</Unit>
		<Unit filename="/home/zakerydesktop/Desktop/codingDev/StacerDev/Stacer/../../../../Qt5.10.0/5.10.0/gcc_64/lib/cmake/Qt5Gui/Qt5Gui_QLinuxFbIntegrationPlugin.cmake">
			<Option virtualFolder="CMake Files\..\..\..\..\Qt5.10.0\5.10.0\gcc_64\lib\cmake\Qt5Gui\"/>
		</Unit>
		<Unit filename="/home/zakerydesktop/Desktop/codingDev/StacerDev/Stacer/../../../../Qt5.10.0/5.10.0/gcc_64/lib/cmake/Qt5Gui/Qt5Gui_QMinimalEglIntegrationPlugin.cmake">
			<Option virtualFolder="CMake Files\..\..\..\..\Qt5.10.0\5.10.0\gcc_64\lib\cmake\Qt5Gui\"/>
		</Unit>
		<Unit filename="/home/zakerydesktop/Desktop/codingDev/StacerDev/Stacer/../../../../Qt5.10.0/5.10.0/gcc_64/lib/cmake/Qt5Gui/Qt5Gui_QMinimalIntegrationPlugin.cmake">
			<Option virtualFolder="CMake Files\..\..\..\..\Qt5.10.0\5.10.0\gcc_64\lib\cmake\Qt5Gui\"/>
		</Unit>
		<Unit filename="/home/zakerydesktop/Desktop/codingDev/StacerDev/Stacer/../../../../Qt5.10.0/5.10.0/gcc_64/lib/cmake/Qt5Gui/Qt5Gui_QOffscreenIntegrationPlugin.cmake">
			<Option virtualFolder="CMake Files\..\..\..\..\Qt5.10.0\5.10.0\gcc_64\lib\cmake\Qt5Gui\"/>
		</Unit>
		<Unit filename="/home/zakerydesktop/Desktop/codingDev/StacerDev/Stacer/../../../../Qt5.10.0/5.10.0/gcc_64/lib/cmake/Qt5Gui/Qt5Gui_QTgaPlugin.cmake">
			<Option virtualFolder="CMake Files\..\..\..\..\Qt5.10.0\5.10.0\gcc_64\lib\cmake\Qt5Gui\"/>
		</Unit>
		<Unit filename="/home/zakerydesktop/Desktop/codingDev/StacerDev/Stacer/../../../../Qt5.10.0/5.10.0/gcc_64/lib/cmake/Qt5Gui/Qt5Gui_QTiffPlugin.cmake">
			<Option virtualFolder="CMake Files\..\..\..\..\Qt5.10.0\5.10.0\gcc_64\lib\cmake\Qt5Gui\"/>
		</Unit>
		<Unit filename="/home/zakerydesktop/Desktop/codingDev/StacerDev/Stacer/../../../../Qt5.10.0/5.10.0/gcc_64/lib/cmake/Qt5Gui/Qt5Gui_QTuioTouchPlugin.cmake">
			<Option virtualFolder="CMake Files\..\..\..\..\Qt5.10.0\5.10.0\gcc_64\lib\cmake\Qt5Gui\"/>
		</Unit>
		<Unit filename="/home/zakerydesktop/Desktop/codingDev/StacerDev/Stacer/../../../../Qt5.10.0/5.10.0/gcc_64/lib/cmake/Qt5Gui/Qt5Gui_QVirtualKeyboardPlugin.cmake">
			<Option virtualFolder="CMake Files\..\..\..\..\Qt5.10.0\5.10.0\gcc_64\lib\cmake\Qt5Gui\"/>
		</Unit>
		<Unit filename="/home/zakerydesktop/Desktop/codingDev/StacerDev/Stacer/../../../../Qt5.10.0/5.10.0/gcc_64/lib/cmake/Qt5Gui/Qt5Gui_QVncIntegrationPlugin.cmake">
			<Option virtualFolder="CMake Files\..\..\..\..\Qt5.10.0\5.10.0\gcc_64\lib\cmake\Qt5Gui\"/>
		</Unit>
		<Unit filename="/home/zakerydesktop/Desktop/codingDev/StacerDev/Stacer/../../../../Qt5.10.0/5.10.0/gcc_64/lib/cmake/Qt5Gui/Qt5Gui_QWbmpPlugin.cmake">
			<Option virtualFolder="CMake Files\..\..\..\..\Qt5.10.0\5.10.0\gcc_64\lib\cmake\Qt5Gui\"/>
		</Unit>
		<Unit filename="/home/zakerydesktop/Desktop/codingDev/StacerDev/Stacer/../../../../Qt5.10.0/5.10.0/gcc_64/lib/cmake/Qt5Gui/Qt5Gui_QWebGLIntegrationPlugin.cmake">
			<Option virtualFolder="CMake Files\..\..\..\..\Qt5.10.0\5.10.0\gcc_64\lib\cmake\Qt5Gui\"/>
		</Unit>
		<Unit filename="/home/zakerydesktop/Desktop/codingDev/StacerDev/Stacer/../../../../Qt5.10.0/5.10.0/gcc_64/lib/cmake/Qt5Gui/Qt5Gui_QWebpPlugin.cmake">
			<Option virtualFolder="CMake Files\..\..\..\..\Qt5.10.0\5.10.0\gcc_64\lib\cmake\Qt5Gui\"/>
		</Unit>
		<Unit filename="/home/zakerydesktop/Desktop/codingDev/StacerDev/Stacer/../../../../Qt5.10.0/5.10.0/gcc_64/lib/cmake/Qt5Gui/Qt5Gui_QXcbEglIntegrationPlugin.cmake">
			<Option virtualFolder="CMake Files\..\..\..\..\Qt5.10.0\5.10.0\gcc_64\lib\cmake\Qt5Gui\"/>
		</Unit>
		<Unit filename="/home/zakerydesktop/Desktop/codingDev/StacerDev/Stacer/../../../../Qt5.10.0/5.10.0/gcc_64/lib/cmake/Qt5Gui/Qt5Gui_QXcbGlxIntegrationPlugin.cmake">
			<Option virtualFolder="CMake Files\..\..\..\..\Qt5.10.0\5.10.0\gcc_64\lib\cmake\Qt5Gui\"/>
		</Unit>
		<Unit filename="/home/zakerydesktop/Desktop/codingDev/StacerDev/Stacer/../../../../Qt5.10.0/5.10.0/gcc_64/lib/cmake/Qt5Gui/Qt5Gui_QXcbIntegrationPlugin.cmake">
			<Option virtualFolder="CMake Files\..\..\..\..\Qt5.10.0\5.10.0\gcc_64\lib\cmake\Qt5Gui\"/>
		</Unit>
		<Unit filename="/home/zakerydesktop/Desktop/codingDev/StacerDev/Stacer/../../../../Qt5.10.0/5.10.0/gcc_64/lib/cmake/Qt5Widgets/Qt5WidgetsConfig.cmake">
			<Option virtualFolder="CMake Files\..\..\..\..\Qt5.10.0\5.10.0\gcc_64\lib\cmake\Qt5Widgets\"/>
		</Unit>
		<Unit filename="/home/zakerydesktop/Desktop/codingDev/StacerDev/Stacer/../../../../Qt5.10.0/5.10.0/gcc_64/lib/cmake/Qt5Widgets/Qt5WidgetsConfigExtras.cmake">
			<Option virtualFolder="CMake Files\..\..\..\..\Qt5.10.0\5.10.0\gcc_64\lib\cmake\Qt5Widgets\"/>
		</Unit>
		<Unit filename="/home/zakerydesktop/Desktop/codingDev/StacerDev/Stacer/../../../../Qt5.10.0/5.10.0/gcc_64/lib/cmake/Qt5Widgets/Qt5WidgetsConfigVersion.cmake">
			<Option virtualFolder="CMake Files\..\..\..\..\Qt5.10.0\5.10.0\gcc_64\lib\cmake\Qt5Widgets\"/>
		</Unit>
		<Unit filename="/home/zakerydesktop/Desktop/codingDev/StacerDev/Stacer/../../../../Qt5.10.0/5.10.0/gcc_64/lib/cmake/Qt5Widgets/Qt5WidgetsMacros.cmake">
			<Option virtualFolder="CMake Files\..\..\..\..\Qt5.10.0\5.10.0\gcc_64\lib\cmake\Qt5Widgets\"/>
		</Unit>
		<Unit filename="/home/zakerydesktop/Desktop/codingDev/StacerDev/Stacer/../../../../Qt5.10.0/5.10.0/gcc_64/lib/cmake/Qt5Charts/Qt5ChartsConfig.cmake">
			<Option virtualFolder="CMake Files\..\..\..\..\Qt5.10.0\5.10.0\gcc_64\lib\cmake\Qt5Charts\"/>
		</Unit>
		<Unit filename="/home/zakerydesktop/Desktop/codingDev/StacerDev/Stacer/../../../../Qt5.10.0/5.10.0/gcc_64/lib/cmake/Qt5Charts/Qt5ChartsConfigVersion.cmake">
			<Option virtualFolder="CMake Files\..\..\..\..\Qt5.10.0\5.10.0\gcc_64\lib\cmake\Qt5Charts\"/>
		</Unit>
		<Unit filename="/home/zakerydesktop/Desktop/codingDev/StacerDev/Stacer/../../../../Qt5.10.0/5.10.0/gcc_64/lib/cmake/Qt5Svg/Qt5SvgConfig.cmake">
			<Option virtualFolder="CMake Files\..\..\..\..\Qt5.10.0\5.10.0\gcc_64\lib\cmake\Qt5Svg\"/>
		</Unit>
		<Unit filename="/home/zakerydesktop/Desktop/codingDev/StacerDev/Stacer/../../../../Qt5.10.0/5.10.0/gcc_64/lib/cmake/Qt5Svg/Qt5SvgConfigVersion.cmake">
			<Option virtualFolder="CMake Files\..\..\..\..\Qt5.10.0\5.10.0\gcc_64\lib\cmake\Qt5Svg\"/>
		</Unit>
		<Unit filename="/home/zakerydesktop/Desktop/codingDev/StacerDev/Stacer/../../../../Qt5.10.0/5.10.0/gcc_64/lib/cmake/Qt5Svg/Qt5Svg_QSvgIconPlugin.cmake">
			<Option virtualFolder="CMake Files\..\..\..\..\Qt5.10.0\5.10.0\gcc_64\lib\cmake\Qt5Svg\"/>
		</Unit>
		<Unit filename="/home/zakerydesktop/Desktop/codingDev/StacerDev/Stacer/../../../../Qt5.10.0/5.10.0/gcc_64/lib/cmake/Qt5Svg/Qt5Svg_QSvgPlugin.cmake">
			<Option virtualFolder="CMake Files\..\..\..\..\Qt5.10.0\5.10.0\gcc_64\lib\cmake\Qt5Svg\"/>
		</Unit>
		<Unit filename="/home/zakerydesktop/Desktop/codingDev/StacerDev/Stacer/../../../../Qt5.10.0/5.10.0/gcc_64/lib/cmake/Qt5Concurrent/Qt5ConcurrentConfig.cmake">
			<Option virtualFolder="CMake Files\..\..\..\..\Qt5.10.0\5.10.0\gcc_64\lib\cmake\Qt5Concurrent\"/>
		</Unit>
		<Unit filename="/home/zakerydesktop/Desktop/codingDev/StacerDev/Stacer/../../../../Qt5.10.0/5.10.0/gcc_64/lib/cmake/Qt5Concurrent/Qt5ConcurrentConfigVersion.cmake">
			<Option virtualFolder="CMake Files\..\..\..\..\Qt5.10.0\5.10.0\gcc_64\lib\cmake\Qt5Concurrent\"/>
		</Unit>
		<Unit filename="/home/zakerydesktop/Desktop/codingDev/StacerDev/Stacer/../../../../Qt5.10.0/5.10.0/gcc_64/lib/cmake/Qt5Network/Qt5NetworkConfig.cmake">
			<Option virtualFolder="CMake Files\..\..\..\..\Qt5.10.0\5.10.0\gcc_64\lib\cmake\Qt5Network\"/>
		</Unit>
		<Unit filename="/home/zakerydesktop/Desktop/codingDev/StacerDev/Stacer/../../../../Qt5.10.0/5.10.0/gcc_64/lib/cmake/Qt5Network/Qt5NetworkConfigVersion.cmake">
			<Option virtualFolder="CMake Files\..\..\..\..\Qt5.10.0\5.10.0\gcc_64\lib\cmake\Qt5Network\"/>
		</Unit>
		<Unit filename="/home/zakerydesktop/Desktop/codingDev/StacerDev/Stacer/../../../../Qt5.10.0/5.10.0/gcc_64/lib/cmake/Qt5Network/Qt5Network_QConnmanEnginePlugin.cmake">
			<Option virtualFolder="CMake Files\..\..\..\..\Qt5.10.0\5.10.0\gcc_64\lib\cmake\Qt5Network\"/>
		</Unit>
		<Unit filename="/home/zakerydesktop/Desktop/codingDev/StacerDev/Stacer/../../../../Qt5.10.0/5.10.0/gcc_64/lib/cmake/Qt5Network/Qt5Network_QGenericEnginePlugin.cmake">
			<Option virtualFolder="CMake Files\..\..\..\..\Qt5.10.0\5.10.0\gcc_64\lib\cmake\Qt5Network\"/>
		</Unit>
		<Unit filename="/home/zakerydesktop/Desktop/codingDev/StacerDev/Stacer/../../../../Qt5.10.0/5.10.0/gcc_64/lib/cmake/Qt5Network/Qt5Network_QNetworkManagerEnginePlugin.cmake">
			<Option virtualFolder="CMake Files\..\..\..\..\Qt5.10.0\5.10.0\gcc_64\lib\cmake\Qt5Network\"/>
		</Unit>
		<Unit filename="/home/zakerydesktop/Desktop/codingDev/StacerDev/Stacer/../../../../Qt5.10.0/5.10.0/gcc_64/lib/cmake/Qt5LinguistTools/Qt5LinguistToolsConfig.cmake">
			<Option virtualFolder="CMake Files\..\..\..\..\Qt5.10.0\5.10.0\gcc_64\lib\cmake\Qt5LinguistTools\"/>
		</Unit>
		<Unit filename="/home/zakerydesktop/Desktop/codingDev/StacerDev/Stacer/../../../../Qt5.10.0/5.10.0/gcc_64/lib/cmake/Qt5LinguistTools/Qt5LinguistToolsConfigVersion.cmake">
			<Option virtualFolder="CMake Files\..\..\..\..\Qt5.10.0\5.10.0\gcc_64\lib\cmake\Qt5LinguistTools\"/>
		</Unit>
		<Unit filename="/home/zakerydesktop/Desktop/codingDev/StacerDev/Stacer/../../../../Qt5.10.0/5.10.0/gcc_64/lib/cmake/Qt5LinguistTools/Qt5LinguistToolsMacros.cmake">
			<Option virtualFolder="CMake Files\..\..\..\..\Qt5.10.0\5.10.0\gcc_64\lib\cmake\Qt5LinguistTools\"/>
		</Unit>
		<Unit filename="/home/zakerydesktop/Desktop/codingDev/StacerDev/Stacer/stacer-core/CMakeLists.txt">
			<Option virtualFolder="CMake Files\stacer-core\"/>
		</Unit>
		<Unit filename="/home/zakerydesktop/Desktop/codingDev/StacerDev/Stacer/stacer/CMakeLists.txt">
			<Option virtualFolder="CMake Files\stacer\"/>
		</Unit>
		<Unit filename="/home/zakerydesktop/Desktop/codingDev/StacerDev/Stacer/stacer/static.qrc">
			<Option virtualFolder="CMake Files\stacer\"/>
		</Unit>
	</Project>
</CodeBlocks_project_file>
